
Microsoft Visual Studio Solution File, Format Version 12.00
# Visual Studio 15
VisualStudioVersion = 15.0.27428.2037
MinimumVisualStudioVersion = 10.0.40219.1
Project("{8BC9CEB8-8B4A-11D0-8D11-00A0C91BC942}") = "ARC001-D", "ARC001-D.vcxproj", "{C42186D5-5777-44E1-9C42-2D20569A8A2D}"
EndProject
Global
	GlobalSection(SolutionConfigurationPlatforms) = preSolution
		Debug|x64 = Debug|x64
		Debug|x86 = Debug|x86
		Release|x64 = Release|x64
		Release|x86 = Release|x86
	EndGlobalSection
	GlobalSection(ProjectConfigurationPlatforms) = postSolution
		{C42186D5-5777-44E1-9C42-2D20569A8A2D}.Debug|x64.ActiveCfg = Debug|x64
		{C42186D5-5777-44E1-9C42-2D20569A8A2D}.Debug|x64.Build.0 = Debug|x64
		{C42186D5-5777-44E1-9C42-2D20569A8A2D}.Debug|x86.ActiveCfg = Debug|Win32
		{C42186D5-5777-44E1-9C42-2D20569A8A2D}.Debug|x86.Build.0 = Debug|Win32
		{C42186D5-5777-44E1-9C42-2D20569A8A2D}.Release|x64.ActiveCfg = Release|x64
		{C42186D5-5777-44E1-9C42-2D20569A8A2D}.Release|x64.Build.0 = Release|x64
		{C42186D5-5777-44E1-9C42-2D20569A8A2D}.Release|x86.ActiveCfg = Release|Win32
		{C42186D5-5777-44E1-9C42-2D20569A8A2D}.Release|x86.Build.0 = Release|Win32
	EndGlobalSection
	GlobalSection(SolutionProperties) = preSolution
		HideSolutionNode = FALSE
	EndGlobalSection
	GlobalSection(ExtensibilityGlobals) = postSolution
		SolutionGuid = {23472CD8-5B74-4906-A373-6D76FD659D6F}
	EndGlobalSection
EndGlobal
