
Microsoft Visual Studio Solution File, Format Version 12.00
# Visual Studio 15
VisualStudioVersion = 15.0.27428.2037
MinimumVisualStudioVersion = 10.0.40219.1
Project("{8BC9CEB8-8B4A-11D0-8D11-00A0C91BC942}") = "AGC001-A", "AGC001-A.vcxproj", "{10835AD7-D080-45E6-945E-D488D2401131}"
EndProject
Global
	GlobalSection(SolutionConfigurationPlatforms) = preSolution
		Debug|x64 = Debug|x64
		Debug|x86 = Debug|x86
		Release|x64 = Release|x64
		Release|x86 = Release|x86
	EndGlobalSection
	GlobalSection(ProjectConfigurationPlatforms) = postSolution
		{10835AD7-D080-45E6-945E-D488D2401131}.Debug|x64.ActiveCfg = Debug|x64
		{10835AD7-D080-45E6-945E-D488D2401131}.Debug|x64.Build.0 = Debug|x64
		{10835AD7-D080-45E6-945E-D488D2401131}.Debug|x86.ActiveCfg = Debug|Win32
		{10835AD7-D080-45E6-945E-D488D2401131}.Debug|x86.Build.0 = Debug|Win32
		{10835AD7-D080-45E6-945E-D488D2401131}.Release|x64.ActiveCfg = Release|x64
		{10835AD7-D080-45E6-945E-D488D2401131}.Release|x64.Build.0 = Release|x64
		{10835AD7-D080-45E6-945E-D488D2401131}.Release|x86.ActiveCfg = Release|Win32
		{10835AD7-D080-45E6-945E-D488D2401131}.Release|x86.Build.0 = Release|Win32
	EndGlobalSection
	GlobalSection(SolutionProperties) = preSolution
		HideSolutionNode = FALSE
	EndGlobalSection
	GlobalSection(ExtensibilityGlobals) = postSolution
		SolutionGuid = {1DA09C99-C08F-4910-AAB7-F98653972FCD}
	EndGlobalSection
EndGlobal
